// !$*UTF8*$!
{
	archiveVersion = 1;
	classes = {
	};
	objectVersion = 77;
	objects = {

/* Begin PBXBuildFile section */
		0869A4227B9226648974BEA0 /* SFSymbolBrowser.swift in Sources */ = {isa = PBXBuildFile; fileRef = B354C2715438FE9B05F3F376 /* SFSymbolBrowser.swift */; };
		0BD5A290F3CFC773FA8F659F /* HelpView.swift in Sources */ = {isa = PBXBuildFile; fileRef = 806C9A334783CD70AB34DA02 /* HelpView.swift */; };
		17B7C0C6EF47AE5A7DEC37B4 /* AppIcon.icns in Resources */ = {isa = PBXBuildFile; fileRef = 6359397D73BFB64775C78C3F /* AppIcon.icns */; };
		1945E63340C5FA7F3A28C418 /* EventIconPicker.swift in Sources */ = {isa = PBXBuildFile; fileRef = 08BEC7F4386F0DD115E0EAF9 /* EventIconPicker.swift */; };
		206249E64AE5E24BD10116B4 /* NotificationHistoryStore.swift in Sources */ = {isa = PBXBuildFile; fileRef = CFC1B545BA624C0C87B53E10 /* NotificationHistoryStore.swift */; };
		33A222654493C2CC8F0ADB60 /* SentryContract in Frameworks */ = {isa = PBXBuildFile; productRef = 142F87B528848BC07D8EF1FE /* SentryContract */; };
		3670D0248C02FFA2FE274D09 /* AboutView.swift in Sources */ = {isa = PBXBuildFile; fileRef = E8AE904B07C635814F100CB5 /* AboutView.swift */; };
		7DD019835A644BDEB374B56C /* Uninstaller.swift in Sources */ = {isa = PBXBuildFile; fileRef = 3F3C27829D584DB4A4AA40C9 /* Uninstaller.swift */; };
		48247C77EEC05F77535966EE /* MonitorTuningModel.swift in Sources */ = {isa = PBXBuildFile; fileRef = 7CEEF201C3A9269347A3F351 /* MonitorTuningModel.swift */; };
		51CE2F48BEBB2DA79EE06525 /* HelpTopic.swift in Sources */ = {isa = PBXBuildFile; fileRef = CA18C113A3EA310D4D5067A2 /* HelpTopic.swift */; };
		6A1FE50C569D25922B34B8B4 /* SettingsView.swift in Sources */ = {isa = PBXBuildFile; fileRef = 6D3BB57E267D9097497B67D5 /* SettingsView.swift */; };
		80046909DBF1CE41414BDB05 /* HistoryView.swift in Sources */ = {isa = PBXBuildFile; fileRef = 19F12EAA9A55261D9EE07357 /* HistoryView.swift */; };
		8441BABB8C95DEC53E88037E /* EventSettingsModel.swift in Sources */ = {isa = PBXBuildFile; fileRef = 6E1BDA4E86A0AAAC0295A280 /* EventSettingsModel.swift */; };
		94289CC2EC8D9F2557E38560 /* EventSettingsView.swift in Sources */ = {isa = PBXBuildFile; fileRef = 0DCDCC13275ED8ECA160AACF /* EventSettingsView.swift */; };
		B46EA15B0547902EF7D1086A /* GeneralSettingsView.swift in Sources */ = {isa = PBXBuildFile; fileRef = 6D0F1E3F48F27D6A0B52004A /* GeneralSettingsView.swift */; };
		BB98EC1CDD359930915A1A69 /* SettingsProfile.swift in Sources */ = {isa = PBXBuildFile; fileRef = 71B3698948C459922312CF56 /* SettingsProfile.swift */; };
		C404E1596BB93FC30C5CF4F7 /* AppDelegate.swift in Sources */ = {isa = PBXBuildFile; fileRef = 755E1866AF9BA9C190E95BA5 /* AppDelegate.swift */; };
		C470F37DE4AE2B7C9FC2F509 /* HardwareSentryApp.swift in Sources */ = {isa = PBXBuildFile; fileRef = AE5148A390E8113CC28AE94E /* HardwareSentryApp.swift */; };
		F32FA0A3099738191D9A130A /* GeneralSettingsModel.swift in Sources */ = {isa = PBXBuildFile; fileRef = C5DC8CD288921DCD9C2C5E49 /* GeneralSettingsModel.swift */; };
		F76A1D28924864D7762D5C35 /* MonitorRegistry in Frameworks */ = {isa = PBXBuildFile; productRef = 04A73023C9FE09C7DEB77BBC /* MonitorRegistry */; };
/* End PBXBuildFile section */

/* Begin PBXFileReference section */
		08BEC7F4386F0DD115E0EAF9 /* EventIconPicker.swift */ = {isa = PBXFileReference; lastKnownFileType = sourcecode.swift; path = EventIconPicker.swift; sourceTree = "<group>"; };
		0DCDCC13275ED8ECA160AACF /* EventSettingsView.swift */ = {isa = PBXFileReference; lastKnownFileType = sourcecode.swift; path = EventSettingsView.swift; sourceTree = "<group>"; };
		19F12EAA9A55261D9EE07357 /* HistoryView.swift */ = {isa = PBXFileReference; lastKnownFileType = sourcecode.swift; path = HistoryView.swift; sourceTree = "<group>"; };
		6359397D73BFB64775C78C3F /* AppIcon.icns */ = {isa = PBXFileReference; lastKnownFileType = image.icns; path = AppIcon.icns; sourceTree = "<group>"; };
		6D0F1E3F48F27D6A0B52004A /* GeneralSettingsView.swift */ = {isa = PBXFileReference; lastKnownFileType = sourcecode.swift; path = GeneralSettingsView.swift; sourceTree = "<group>"; };
		6D3BB57E267D9097497B67D5 /* SettingsView.swift */ = {isa = PBXFileReference; lastKnownFileType = sourcecode.swift; path = SettingsView.swift; sourceTree = "<group>"; };
		6E1BDA4E86A0AAAC0295A280 /* EventSettingsModel.swift */ = {isa = PBXFileReference; lastKnownFileType = sourcecode.swift; path = EventSettingsModel.swift; sourceTree = "<group>"; };
		71B3698948C459922312CF56 /* SettingsProfile.swift */ = {isa = PBXFileReference; lastKnownFileType = sourcecode.swift; path = SettingsProfile.swift; sourceTree = "<group>"; };
		755E1866AF9BA9C190E95BA5 /* AppDelegate.swift */ = {isa = PBXFileReference; lastKnownFileType = sourcecode.swift; path = AppDelegate.swift; sourceTree = "<group>"; };
		3F3C27829D584DB4A4AA40C9 /* Uninstaller.swift */ = {isa = PBXFileReference; lastKnownFileType = sourcecode.swift; path = Uninstaller.swift; sourceTree = "<group>"; };
		7CEEF201C3A9269347A3F351 /* MonitorTuningModel.swift */ = {isa = PBXFileReference; lastKnownFileType = sourcecode.swift; path = MonitorTuningModel.swift; sourceTree = "<group>"; };
		806C9A334783CD70AB34DA02 /* HelpView.swift */ = {isa = PBXFileReference; lastKnownFileType = sourcecode.swift; path = HelpView.swift; sourceTree = "<group>"; };
		8435F26A20F9C35BB3AD1448 /* HardwareSentry.app */ = {isa = PBXFileReference; explicitFileType = wrapper.application; includeInIndex = 0; path = HardwareSentry.app; sourceTree = BUILT_PRODUCTS_DIR; };
		9760C652282756CC6EBD17A6 /* Info.plist */ = {isa = PBXFileReference; lastKnownFileType = text.plist; path = Info.plist; sourceTree = "<group>"; };
		AE5148A390E8113CC28AE94E /* HardwareSentryApp.swift */ = {isa = PBXFileReference; lastKnownFileType = sourcecode.swift; path = HardwareSentryApp.swift; sourceTree = "<group>"; };
		B354C2715438FE9B05F3F376 /* SFSymbolBrowser.swift */ = {isa = PBXFileReference; lastKnownFileType = sourcecode.swift; path = SFSymbolBrowser.swift; sourceTree = "<group>"; };
		B366AD86D8C8CBF87C30F9CF /* HardwareSentryCore */ = {isa = PBXFileReference; lastKnownFileType = folder; name = HardwareSentryCore; path = HardwareSentryCore; sourceTree = SOURCE_ROOT; };
		C5DC8CD288921DCD9C2C5E49 /* GeneralSettingsModel.swift */ = {isa = PBXFileReference; lastKnownFileType = sourcecode.swift; path = GeneralSettingsModel.swift; sourceTree = "<group>"; };
		CA18C113A3EA310D4D5067A2 /* HelpTopic.swift */ = {isa = PBXFileReference; lastKnownFileType = sourcecode.swift; path = HelpTopic.swift; sourceTree = "<group>"; };
		CFC1B545BA624C0C87B53E10 /* NotificationHistoryStore.swift */ = {isa = PBXFileReference; lastKnownFileType = sourcecode.swift; path = NotificationHistoryStore.swift; sourceTree = "<group>"; };
		E8AE904B07C635814F100CB5 /* AboutView.swift */ = {isa = PBXFileReference; lastKnownFileType = sourcecode.swift; path = AboutView.swift; sourceTree = "<group>"; };
/* End PBXFileReference section */

/* Begin PBXFrameworksBuildPhase section */
		DE716577623EC0A1AD2718A6 /* Frameworks */ = {
			isa = PBXFrameworksBuildPhase;
			buildActionMask = 2147483647;
			files = (
				F76A1D28924864D7762D5C35 /* MonitorRegistry in Frameworks */,
				33A222654493C2CC8F0ADB60 /* SentryContract in Frameworks */,
			);
			runOnlyForDeploymentPostprocessing = 0;
		};
/* End PBXFrameworksBuildPhase section */

/* Begin PBXGroup section */
		1C36E58E29D2229DAA63B534 /* HardwareSentry */ = {
			isa = PBXGroup;
			children = (
				755E1866AF9BA9C190E95BA5 /* AppDelegate.swift */,
				3F3C27829D584DB4A4AA40C9 /* Uninstaller.swift */,
				AE5148A390E8113CC28AE94E /* HardwareSentryApp.swift */,
				9760C652282756CC6EBD17A6 /* Info.plist */,
				968319D5CBD5928CDE60F0E3 /* Help */,
				3758C393170A3699012E2882 /* Resources */,
				3DFF1199ACCAFC0EEAC825CA /* Settings */,
			);
			path = HardwareSentry;
			sourceTree = "<group>";
		};
		3758C393170A3699012E2882 /* Resources */ = {
			isa = PBXGroup;
			children = (
				6359397D73BFB64775C78C3F /* AppIcon.icns */,
			);
			path = Resources;
			sourceTree = "<group>";
		};
		3DFF1199ACCAFC0EEAC825CA /* Settings */ = {
			isa = PBXGroup;
			children = (
				08BEC7F4386F0DD115E0EAF9 /* EventIconPicker.swift */,
				6E1BDA4E86A0AAAC0295A280 /* EventSettingsModel.swift */,
				0DCDCC13275ED8ECA160AACF /* EventSettingsView.swift */,
				C5DC8CD288921DCD9C2C5E49 /* GeneralSettingsModel.swift */,
				6D0F1E3F48F27D6A0B52004A /* GeneralSettingsView.swift */,
				19F12EAA9A55261D9EE07357 /* HistoryView.swift */,
				7CEEF201C3A9269347A3F351 /* MonitorTuningModel.swift */,
				CFC1B545BA624C0C87B53E10 /* NotificationHistoryStore.swift */,
				71B3698948C459922312CF56 /* SettingsProfile.swift */,
				6D3BB57E267D9097497B67D5 /* SettingsView.swift */,
				B354C2715438FE9B05F3F376 /* SFSymbolBrowser.swift */,
			);
			path = Settings;
			sourceTree = "<group>";
		};
		5D482932DD2F32FF4493014D /* Products */ = {
			isa = PBXGroup;
			children = (
				8435F26A20F9C35BB3AD1448 /* HardwareSentry.app */,
			);
			name = Products;
			sourceTree = "<group>";
		};
		968319D5CBD5928CDE60F0E3 /* Help */ = {
			isa = PBXGroup;
			children = (
				E8AE904B07C635814F100CB5 /* AboutView.swift */,
				CA18C113A3EA310D4D5067A2 /* HelpTopic.swift */,
				806C9A334783CD70AB34DA02 /* HelpView.swift */,
			);
			path = Help;
			sourceTree = "<group>";
		};
		D0D94EBE7C1A254C6A9CAADB /* Packages */ = {
			isa = PBXGroup;
			children = (
				B366AD86D8C8CBF87C30F9CF /* HardwareSentryCore */,
			);
			name = Packages;
			sourceTree = "<group>";
		};
		F221ACDF5DE12DF4C1946FC8 = {
			isa = PBXGroup;
			children = (
				1C36E58E29D2229DAA63B534 /* HardwareSentry */,
				D0D94EBE7C1A254C6A9CAADB /* Packages */,
				5D482932DD2F32FF4493014D /* Products */,
			);
			sourceTree = "<group>";
		};
/* End PBXGroup section */

/* Begin PBXNativeTarget section */
		36D4C72C6871356DA314D061 /* HardwareSentry */ = {
			isa = PBXNativeTarget;
			buildConfigurationList = C015CC1128825A9B7EE7146E /* Build configuration list for PBXNativeTarget "HardwareSentry" */;
			buildPhases = (
				FEDE5280DD46D083BBADB59B /* Sources */,
				006674E7844ACC93C49FBD7E /* Resources */,
				DE716577623EC0A1AD2718A6 /* Frameworks */,
			);
			buildRules = (
			);
			dependencies = (
			);
			name = HardwareSentry;
			packageProductDependencies = (
				04A73023C9FE09C7DEB77BBC /* MonitorRegistry */,
				142F87B528848BC07D8EF1FE /* SentryContract */,
			);
			productName = HardwareSentry;
			productReference = 8435F26A20F9C35BB3AD1448 /* HardwareSentry.app */;
			productType = "com.apple.product-type.application";
		};
/* End PBXNativeTarget section */

/* Begin PBXProject section */
		A943B920A6D43ED36E5E5D60 /* Project object */ = {
			isa = PBXProject;
			attributes = {
				BuildIndependentTargetsInParallel = YES;
				LastUpgradeCheck = 1430;
				TargetAttributes = {
					36D4C72C6871356DA314D061 = {
						DevelopmentTeam = "";
						ProvisioningStyle = Manual;
					};
				};
			};
			buildConfigurationList = 714B07FA869714D5AAE38B66 /* Build configuration list for PBXProject "HardwareSentry" */;
			developmentRegion = en;
			hasScannedForEncodings = 0;
			knownRegions = (
				Base,
				en,
			);
			mainGroup = F221ACDF5DE12DF4C1946FC8;
			minimizedProjectReferenceProxies = 1;
			packageReferences = (
				7B809DD482BDB7687964C267 /* XCLocalSwiftPackageReference "HardwareSentryCore" */,
			);
			preferredProjectObjectVersion = 77;
			productRefGroup = 5D482932DD2F32FF4493014D /* Products */;
			projectDirPath = "";
			projectRoot = "";
			targets = (
				36D4C72C6871356DA314D061 /* HardwareSentry */,
			);
		};
/* End PBXProject section */

/* Begin PBXResourcesBuildPhase section */
		006674E7844ACC93C49FBD7E /* Resources */ = {
			isa = PBXResourcesBuildPhase;
			buildActionMask = 2147483647;
			files = (
				17B7C0C6EF47AE5A7DEC37B4 /* AppIcon.icns in Resources */,
			);
			runOnlyForDeploymentPostprocessing = 0;
		};
/* End PBXResourcesBuildPhase section */

/* Begin PBXSourcesBuildPhase section */
		FEDE5280DD46D083BBADB59B /* Sources */ = {
			isa = PBXSourcesBuildPhase;
			buildActionMask = 2147483647;
			files = (
				3670D0248C02FFA2FE274D09 /* AboutView.swift in Sources */,
				C404E1596BB93FC30C5CF4F7 /* AppDelegate.swift in Sources */,
				7DD019835A644BDEB374B56C /* Uninstaller.swift in Sources */,
				1945E63340C5FA7F3A28C418 /* EventIconPicker.swift in Sources */,
				8441BABB8C95DEC53E88037E /* EventSettingsModel.swift in Sources */,
				94289CC2EC8D9F2557E38560 /* EventSettingsView.swift in Sources */,
				F32FA0A3099738191D9A130A /* GeneralSettingsModel.swift in Sources */,
				B46EA15B0547902EF7D1086A /* GeneralSettingsView.swift in Sources */,
				C470F37DE4AE2B7C9FC2F509 /* HardwareSentryApp.swift in Sources */,
				51CE2F48BEBB2DA79EE06525 /* HelpTopic.swift in Sources */,
				0BD5A290F3CFC773FA8F659F /* HelpView.swift in Sources */,
				80046909DBF1CE41414BDB05 /* HistoryView.swift in Sources */,
				48247C77EEC05F77535966EE /* MonitorTuningModel.swift in Sources */,
				206249E64AE5E24BD10116B4 /* NotificationHistoryStore.swift in Sources */,
				0869A4227B9226648974BEA0 /* SFSymbolBrowser.swift in Sources */,
				BB98EC1CDD359930915A1A69 /* SettingsProfile.swift in Sources */,
				6A1FE50C569D25922B34B8B4 /* SettingsView.swift in Sources */,
			);
			runOnlyForDeploymentPostprocessing = 0;
		};
/* End PBXSourcesBuildPhase section */

/* Begin XCBuildConfiguration section */
		E353FD4971AF32AD7AF0CDF9 /* Release */ = {
			isa = XCBuildConfiguration;
			buildSettings = {
				ALWAYS_SEARCH_USER_PATHS = NO;
				CLANG_ANALYZER_NONNULL = YES;
				CLANG_ANALYZER_NUMBER_OBJECT_CONVERSION = YES_AGGRESSIVE;
				CLANG_CXX_LANGUAGE_STANDARD = "gnu++14";
				CLANG_CXX_LIBRARY = "libc++";
				CLANG_ENABLE_MODULES = YES;
				CLANG_ENABLE_OBJC_ARC = YES;
				CLANG_ENABLE_OBJC_WEAK = YES;
				CLANG_WARN_BLOCK_CAPTURE_AUTORELEASING = YES;
				CLANG_WARN_BOOL_CONVERSION = YES;
				CLANG_WARN_COMMA = YES;
				CLANG_WARN_CONSTANT_CONVERSION = YES;
				CLANG_WARN_DEPRECATED_OBJC_IMPLEMENTATIONS = YES;
				CLANG_WARN_DIRECT_OBJC_ISA_USAGE = YES_ERROR;
				CLANG_WARN_DOCUMENTATION_COMMENTS = YES;
				CLANG_WARN_EMPTY_BODY = YES;
				CLANG_WARN_ENUM_CONVERSION = YES;
				CLANG_WARN_INFINITE_RECURSION = YES;
				CLANG_WARN_INT_CONVERSION = YES;
				CLANG_WARN_NON_LITERAL_NULL_CONVERSION = YES;
				CLANG_WARN_OBJC_IMPLICIT_RETAIN_SELF = YES;
				CLANG_WARN_OBJC_LITERAL_CONVERSION = YES;
				CLANG_WARN_OBJC_ROOT_CLASS = YES_ERROR;
				CLANG_WARN_QUOTED_INCLUDE_IN_FRAMEWORK_HEADER = YES;
				CLANG_WARN_RANGE_LOOP_ANALYSIS = YES;
				CLANG_WARN_STRICT_PROTOTYPES = YES;
				CLANG_WARN_SUSPICIOUS_MOVE = YES;
				CLANG_WARN_UNGUARDED_AVAILABILITY = YES_AGGRESSIVE;
				CLANG_WARN_UNREACHABLE_CODE = YES;
				CLANG_WARN__DUPLICATE_METHOD_MATCH = YES;
				COPY_PHASE_STRIP = NO;
				DEBUG_INFORMATION_FORMAT = "dwarf-with-dsym";
				ENABLE_NS_ASSERTIONS = NO;
				ENABLE_STRICT_OBJC_MSGSEND = YES;
				GCC_C_LANGUAGE_STANDARD = gnu11;
				GCC_NO_COMMON_BLOCKS = YES;
				GCC_WARN_64_TO_32_BIT_CONVERSION = YES;
				GCC_WARN_ABOUT_RETURN_TYPE = YES_ERROR;
				GCC_WARN_UNDECLARED_SELECTOR = YES;
				GCC_WARN_UNINITIALIZED_AUTOS = YES_AGGRESSIVE;
				GCC_WARN_UNUSED_FUNCTION = YES;
				GCC_WARN_UNUSED_VARIABLE = YES;
				MACOSX_DEPLOYMENT_TARGET = 15.0;
				MTL_ENABLE_DEBUG_INFO = NO;
				MTL_FAST_MATH = YES;
				PRODUCT_NAME = "$(TARGET_NAME)";
				SDKROOT = macosx;
				SWIFT_COMPILATION_MODE = wholemodule;
				SWIFT_OPTIMIZATION_LEVEL = "-O";
				SWIFT_VERSION = 5.0;
			};
			name = Release;
		};
		F4DF193FFBB093CBADD897A5 /* Debug */ = {
			isa = XCBuildConfiguration;
			buildSettings = {
				ASSETCATALOG_COMPILER_APPICON_NAME = AppIcon;
				CODE_SIGN_IDENTITY = "-";
				CODE_SIGN_STYLE = Manual;
				COMBINE_HIDPI_IMAGES = YES;
				CURRENT_PROJECT_VERSION = 1;
				DEVELOPMENT_TEAM = "";
				ENABLE_HARDENED_RUNTIME = YES;
				GENERATE_INFOPLIST_FILE = NO;
				INFOPLIST_FILE = HardwareSentry/Info.plist;
				LD_RUNPATH_SEARCH_PATHS = (
					"$(inherited)",
					"@executable_path/../Frameworks",
				);
				MARKETING_VERSION = 0.1.0;
				PRODUCT_BUNDLE_IDENTIFIER = com.jensyleo.hardwaresentry;
				PRODUCT_NAME = HardwareSentry;
				SDKROOT = macosx;
				SWIFT_STRICT_CONCURRENCY = complete;
				SWIFT_VERSION = 6.0;
			};
			name = Debug;
		};
		F72E811D5CF7E9DB0AF29B8B /* Debug */ = {
			isa = XCBuildConfiguration;
			buildSettings = {
				ALWAYS_SEARCH_USER_PATHS = NO;
				CLANG_ANALYZER_NONNULL = YES;
				CLANG_ANALYZER_NUMBER_OBJECT_CONVERSION = YES_AGGRESSIVE;
				CLANG_CXX_LANGUAGE_STANDARD = "gnu++14";
				CLANG_CXX_LIBRARY = "libc++";
				CLANG_ENABLE_MODULES = YES;
				CLANG_ENABLE_OBJC_ARC = YES;
				CLANG_ENABLE_OBJC_WEAK = YES;
				CLANG_WARN_BLOCK_CAPTURE_AUTORELEASING = YES;
				CLANG_WARN_BOOL_CONVERSION = YES;
				CLANG_WARN_COMMA = YES;
				CLANG_WARN_CONSTANT_CONVERSION = YES;
				CLANG_WARN_DEPRECATED_OBJC_IMPLEMENTATIONS = YES;
				CLANG_WARN_DIRECT_OBJC_ISA_USAGE = YES_ERROR;
				CLANG_WARN_DOCUMENTATION_COMMENTS = YES;
				CLANG_WARN_EMPTY_BODY = YES;
				CLANG_WARN_ENUM_CONVERSION = YES;
				CLANG_WARN_INFINITE_RECURSION = YES;
				CLANG_WARN_INT_CONVERSION = YES;
				CLANG_WARN_NON_LITERAL_NULL_CONVERSION = YES;
				CLANG_WARN_OBJC_IMPLICIT_RETAIN_SELF = YES;
				CLANG_WARN_OBJC_LITERAL_CONVERSION = YES;
				CLANG_WARN_OBJC_ROOT_CLASS = YES_ERROR;
				CLANG_WARN_QUOTED_INCLUDE_IN_FRAMEWORK_HEADER = YES;
				CLANG_WARN_RANGE_LOOP_ANALYSIS = YES;
				CLANG_WARN_STRICT_PROTOTYPES = YES;
				CLANG_WARN_SUSPICIOUS_MOVE = YES;
				CLANG_WARN_UNGUARDED_AVAILABILITY = YES_AGGRESSIVE;
				CLANG_WARN_UNREACHABLE_CODE = YES;
				CLANG_WARN__DUPLICATE_METHOD_MATCH = YES;
				COPY_PHASE_STRIP = NO;
				DEBUG_INFORMATION_FORMAT = dwarf;
				ENABLE_STRICT_OBJC_MSGSEND = YES;
				ENABLE_TESTABILITY = YES;
				GCC_C_LANGUAGE_STANDARD = gnu11;
				GCC_DYNAMIC_NO_PIC = NO;
				GCC_NO_COMMON_BLOCKS = YES;
				GCC_OPTIMIZATION_LEVEL = 0;
				GCC_PREPROCESSOR_DEFINITIONS = (
					"$(inherited)",
					"DEBUG=1",
				);
				GCC_WARN_64_TO_32_BIT_CONVERSION = YES;
				GCC_WARN_ABOUT_RETURN_TYPE = YES_ERROR;
				GCC_WARN_UNDECLARED_SELECTOR = YES;
				GCC_WARN_UNINITIALIZED_AUTOS = YES_AGGRESSIVE;
				GCC_WARN_UNUSED_FUNCTION = YES;
				GCC_WARN_UNUSED_VARIABLE = YES;
				MACOSX_DEPLOYMENT_TARGET = 15.0;
				MTL_ENABLE_DEBUG_INFO = INCLUDE_SOURCE;
				MTL_FAST_MATH = YES;
				ONLY_ACTIVE_ARCH = YES;
				PRODUCT_NAME = "$(TARGET_NAME)";
				SDKROOT = macosx;
				SWIFT_ACTIVE_COMPILATION_CONDITIONS = DEBUG;
				SWIFT_OPTIMIZATION_LEVEL = "-Onone";
				SWIFT_VERSION = 5.0;
			};
			name = Debug;
		};
		FAC4684248471F1EDD410102 /* Release */ = {
			isa = XCBuildConfiguration;
			buildSettings = {
				ASSETCATALOG_COMPILER_APPICON_NAME = AppIcon;
				CODE_SIGN_IDENTITY = "-";
				CODE_SIGN_STYLE = Manual;
				COMBINE_HIDPI_IMAGES = YES;
				CURRENT_PROJECT_VERSION = 1;
				DEVELOPMENT_TEAM = "";
				ENABLE_HARDENED_RUNTIME = YES;
				GENERATE_INFOPLIST_FILE = NO;
				INFOPLIST_FILE = HardwareSentry/Info.plist;
				LD_RUNPATH_SEARCH_PATHS = (
					"$(inherited)",
					"@executable_path/../Frameworks",
				);
				MARKETING_VERSION = 0.1.0;
				PRODUCT_BUNDLE_IDENTIFIER = com.jensyleo.hardwaresentry;
				PRODUCT_NAME = HardwareSentry;
				SDKROOT = macosx;
				SWIFT_STRICT_CONCURRENCY = complete;
				SWIFT_VERSION = 6.0;
			};
			name = Release;
		};
/* End XCBuildConfiguration section */

/* Begin XCConfigurationList section */
		714B07FA869714D5AAE38B66 /* Build configuration list for PBXProject "HardwareSentry" */ = {
			isa = XCConfigurationList;
			buildConfigurations = (
				F72E811D5CF7E9DB0AF29B8B /* Debug */,
				E353FD4971AF32AD7AF0CDF9 /* Release */,
			);
			defaultConfigurationIsVisible = 0;
			defaultConfigurationName = Debug;
		};
		C015CC1128825A9B7EE7146E /* Build configuration list for PBXNativeTarget "HardwareSentry" */ = {
			isa = XCConfigurationList;
			buildConfigurations = (
				F4DF193FFBB093CBADD897A5 /* Debug */,
				FAC4684248471F1EDD410102 /* Release */,
			);
			defaultConfigurationIsVisible = 0;
			defaultConfigurationName = Debug;
		};
/* End XCConfigurationList section */

/* Begin XCLocalSwiftPackageReference section */
		7B809DD482BDB7687964C267 /* XCLocalSwiftPackageReference "HardwareSentryCore" */ = {
			isa = XCLocalSwiftPackageReference;
			relativePath = HardwareSentryCore;
		};
/* End XCLocalSwiftPackageReference section */

/* Begin XCSwiftPackageProductDependency section */
		04A73023C9FE09C7DEB77BBC /* MonitorRegistry */ = {
			isa = XCSwiftPackageProductDependency;
			productName = MonitorRegistry;
		};
		142F87B528848BC07D8EF1FE /* SentryContract */ = {
			isa = XCSwiftPackageProductDependency;
			productName = SentryContract;
		};
/* End XCSwiftPackageProductDependency section */
	};
	rootObject = A943B920A6D43ED36E5E5D60 /* Project object */;
}
